
Microsoft Visual Studio Solution File, Format Version 12.00
# Visual Studio Version 16
VisualStudioVersion = 16.0.31605.320
MinimumVisualStudioVersion = 10.0.40219.1
Project("{FAE04EC0-301F-11D3-BF4B-00C04F79EFBC}") = "exercicio1005", "exercicio1005\exercicio1005.csproj", "{30FAB3F4-AC4E-4B55-A9DB-8C60CEE8AB3F}"
EndProject
Global
	GlobalSection(SolutionConfigurationPlatforms) = preSolution
		Debug|Any CPU = Debug|Any CPU
		Release|Any CPU = Release|Any CPU
	EndGlobalSection
	GlobalSection(ProjectConfigurationPlatforms) = postSolution
		{30FAB3F4-AC4E-4B55-A9DB-8C60CEE8AB3F}.Debug|Any CPU.ActiveCfg = Debug|Any CPU
		{30FAB3F4-AC4E-4B55-A9DB-8C60CEE8AB3F}.Debug|Any CPU.Build.0 = Debug|Any CPU
		{30FAB3F4-AC4E-4B55-A9DB-8C60CEE8AB3F}.Release|Any CPU.ActiveCfg = Release|Any CPU
		{30FAB3F4-AC4E-4B55-A9DB-8C60CEE8AB3F}.Release|Any CPU.Build.0 = Release|Any CPU
	EndGlobalSection
	GlobalSection(SolutionProperties) = preSolution
		HideSolutionNode = FALSE
	EndGlobalSection
	GlobalSection(ExtensibilityGlobals) = postSolution
		SolutionGuid = {50B3D595-07A6-4757-82AA-64D600D1AE9A}
	EndGlobalSection
EndGlobal
