
Microsoft Visual Studio Solution File, Format Version 12.00
# Visual Studio Version 16
VisualStudioVersion = 16.0.31605.320
MinimumVisualStudioVersion = 10.0.40219.1
Project("{FAE04EC0-301F-11D3-BF4B-00C04F79EFBC}") = "exercicio1003", "exercicio1003\exercicio1003.csproj", "{2D2E8D61-86C7-47BB-89DE-B86A96C2ABD1}"
EndProject
Global
	GlobalSection(SolutionConfigurationPlatforms) = preSolution
		Debug|Any CPU = Debug|Any CPU
		Release|Any CPU = Release|Any CPU
	EndGlobalSection
	GlobalSection(ProjectConfigurationPlatforms) = postSolution
		{2D2E8D61-86C7-47BB-89DE-B86A96C2ABD1}.Debug|Any CPU.ActiveCfg = Debug|Any CPU
		{2D2E8D61-86C7-47BB-89DE-B86A96C2ABD1}.Debug|Any CPU.Build.0 = Debug|Any CPU
		{2D2E8D61-86C7-47BB-89DE-B86A96C2ABD1}.Release|Any CPU.ActiveCfg = Release|Any CPU
		{2D2E8D61-86C7-47BB-89DE-B86A96C2ABD1}.Release|Any CPU.Build.0 = Release|Any CPU
	EndGlobalSection
	GlobalSection(SolutionProperties) = preSolution
		HideSolutionNode = FALSE
	EndGlobalSection
	GlobalSection(ExtensibilityGlobals) = postSolution
		SolutionGuid = {5D5F6C26-49CC-47C3-B8EA-65ECF56B1BBC}
	EndGlobalSection
EndGlobal
